// !$*UTF8*$!
{
	archiveVersion = 1;
	classes = {
	};
	objectVersion = 46;
	objects = {

/* Begin PBXFileReference section */
		1B6B8321950C4E9F84A39082 /* CMakeLists.txt */ = {isa = PBXFileReference; explicitFileType = sourcecode.text; fileEncoding = 4; lastKnownFileType = text; path = CMakeLists.txt; sourceTree = SOURCE_ROOT; };
		24870037203D43EEA9A11C6A /* raptor_yap.c */ = {isa = PBXFileReference; explicitFileType = sourcecode.c.c; fileEncoding = 4; path = raptor_yap.c; sourceTree = SOURCE_ROOT; };
		2F981AAA525F4B2AA5AE65E6 /* CMakeLists.txt */ = {isa = PBXFileReference; explicitFileType = sourcecode.text; fileEncoding = 4; lastKnownFileType = text; path = CMakeLists.txt; sourceTree = SOURCE_ROOT; };
		5C89B12741F24BCA887E2A0A /* CMakeLists.txt */ = {isa = PBXFileReference; explicitFileType = sourcecode.text; fileEncoding = 4; lastKnownFileType = text; path = CMakeLists.txt; sourceTree = SOURCE_ROOT; };
/* End PBXFileReference section */

/* Begin PBXGroup section */
		04BB6F2F821F4DB1910FDF76 /* Resources */ = {
			isa = PBXGroup;
			children = (
			);
			name = Resources;
			sourceTree = "<group>";
		};
		0744EA54238D4164BE879D2E /* ALL_BUILD */ = {
			isa = PBXGroup;
			children = (
				A7F95FF4C317425AACAD889D /* CMake Rules */,
				1B6B8321950C4E9F84A39082 /* CMakeLists.txt */,
			);
			name = ALL_BUILD;
			sourceTree = "<group>";
		};
		23A6B2DB08AD484CA41A642F /* Sources */ = {
			isa = PBXGroup;
			children = (
				0744EA54238D4164BE879D2E /* ALL_BUILD */,
				54F3E47A586847288B8EBCD5 /* ZERO_CHECK */,
				CEFC46D9735F44EDAC092190 /* raptor */,
			);
			name = Sources;
			sourceTree = "<group>";
		};
		5364BBE16C7841159A7CB46B /* Source Files */ = {
			isa = PBXGroup;
			children = (
				24870037203D43EEA9A11C6A /* raptor_yap.c */,
			);
			name = "Source Files";
			sourceTree = "<group>";
		};
		54F3E47A586847288B8EBCD5 /* ZERO_CHECK */ = {
			isa = PBXGroup;
			children = (
				B268DDC0306D4B55A5AA8701 /* CMake Rules */,
				5C89B12741F24BCA887E2A0A /* CMakeLists.txt */,
			);
			name = ZERO_CHECK;
			sourceTree = "<group>";
		};
		A7F95FF4C317425AACAD889D /* CMake Rules */ = {
			isa = PBXGroup;
			children = (
			);
			name = "CMake Rules";
			sourceTree = "<group>";
		};
		B268DDC0306D4B55A5AA8701 /* CMake Rules */ = {
			isa = PBXGroup;
			children = (
			);
			name = "CMake Rules";
			sourceTree = "<group>";
		};
		BF8B89FED36B48768CF87874 /* Products */ = {
			isa = PBXGroup;
			children = (
			);
			name = Products;
			sourceTree = "<group>";
		};
		CDC96719C5D74DC29A45C971 = {
			isa = PBXGroup;
			children = (
				23A6B2DB08AD484CA41A642F /* Sources */,
				04BB6F2F821F4DB1910FDF76 /* Resources */,
				BF8B89FED36B48768CF87874 /* Products */,
			);
			sourceTree = "<group>";
		};
		CEFC46D9735F44EDAC092190 /* raptor */ = {
			isa = PBXGroup;
			children = (
				5364BBE16C7841159A7CB46B /* Source Files */,
				2F981AAA525F4B2AA5AE65E6 /* CMakeLists.txt */,
			);
			name = raptor;
			sourceTree = "<group>";
		};
/* End PBXGroup section */

/* Begin PBXProject section */
		50D6D349DE764D24AC2ABE82 /* Project object */ = {
			isa = PBXProject;
			attributes = {
				BuildIndependentTargetsInParallel = YES;
				LastUpgradeCheck = 0630;
			};
			buildConfigurationList = 1CF11351880C431989D9F623 /* Build configuration list for PBXProject "YAP_RAPTOR" */;
			compatibilityVersion = "Xcode 3.2";
			developmentRegion = English;
			hasScannedForEncodings = 0;
			knownRegions = (
				en,
			);
			mainGroup = CDC96719C5D74DC29A45C971;
			projectDirPath = "";
			projectRoot = "";
			targets = (
			);
		};
/* End PBXProject section */

/* Begin XCBuildConfiguration section */
		3198AE3B53B64E3DA9EE05B6 /* Release */ = {
			isa = XCBuildConfiguration;
			buildSettings = {
				ONLY_ACTIVE_ARCH = YES;
				SDKROOT = /Applications/Xcode.app/Contents/Developer/Platforms/MacOSX.platform/Developer/SDKs/MacOSX10.10.sdk;
				SYMROOT = "/Users/vsc/Yap/yap-6.3/packages/raptor/build";
			};
			name = Release;
		};
		97E862E2445544978B643E0C /* RelWithDebInfo */ = {
			isa = XCBuildConfiguration;
			buildSettings = {
				ONLY_ACTIVE_ARCH = YES;
				SDKROOT = /Applications/Xcode.app/Contents/Developer/Platforms/MacOSX.platform/Developer/SDKs/MacOSX10.10.sdk;
				SYMROOT = "/Users/vsc/Yap/yap-6.3/packages/raptor/build";
			};
			name = RelWithDebInfo;
		};
		C629F660997C4306BA1DD496 /* MinSizeRel */ = {
			isa = XCBuildConfiguration;
			buildSettings = {
				ONLY_ACTIVE_ARCH = YES;
				SDKROOT = /Applications/Xcode.app/Contents/Developer/Platforms/MacOSX.platform/Developer/SDKs/MacOSX10.10.sdk;
				SYMROOT = "/Users/vsc/Yap/yap-6.3/packages/raptor/build";
			};
			name = MinSizeRel;
		};
		EE1447ED3D454D05BD752696 /* Debug */ = {
			isa = XCBuildConfiguration;
			buildSettings = {
				ONLY_ACTIVE_ARCH = YES;
				SDKROOT = /Applications/Xcode.app/Contents/Developer/Platforms/MacOSX.platform/Developer/SDKs/MacOSX10.10.sdk;
				SYMROOT = "/Users/vsc/Yap/yap-6.3/packages/raptor/build";
			};
			name = Debug;
		};
/* End XCBuildConfiguration section */

/* Begin XCConfigurationList section */
		1CF11351880C431989D9F623 /* Build configuration list for PBXProject "YAP_RAPTOR" */ = {
			isa = XCConfigurationList;
			buildConfigurations = (
				EE1447ED3D454D05BD752696 /* Debug */,
				3198AE3B53B64E3DA9EE05B6 /* Release */,
				C629F660997C4306BA1DD496 /* MinSizeRel */,
				97E862E2445544978B643E0C /* RelWithDebInfo */,
			);
			defaultConfigurationIsVisible = 0;
			defaultConfigurationName = Debug;
		};
/* End XCConfigurationList section */
	};
	rootObject = 50D6D349DE764D24AC2ABE82 /* Project object */;
}
